{
  "name": "@dataflows",
  "version": "0.1.0",
  "lockfileVersion": 3,
  "requires": true,
  "packages": {
    "": {
      "name": "@dataflows",
      "version": "0.1.0",
      "license": "See LICENSE",
      "devDependencies": {},
      "engines": {
        "node": ">= 21.6",
        "npm": ">= 10.2"
      }
    }
  }
}
